
Microsoft Visual Studio Solution File, Format Version 12.00
# Visual Studio 15
VisualStudioVersion = 15.0.26730.16
MinimumVisualStudioVersion = 10.0.40219.1
Project("{FAE04EC0-301F-11D3-BF4B-00C04F79EFBC}") = "SPES-Modelverifier-Base", "SPES-Modelverifier-Base\SPES-Modelverifier-Base.csproj", "{B43F3525-9A96-40D4-9E2B-BD9BF9104008}"
EndProject
Project("{FAE04EC0-301F-11D3-BF4B-00C04F79EFBC}") = "ITU-Scenario", "ITU-Scenario\ITU-Scenario.csproj", "{77C6D225-B8D8-49C6-89D5-C20D2B1A07CD}"
EndProject
Project("{FAE04EC0-301F-11D3-BF4B-00C04F79EFBC}") = "SPESModelingTool2013", "VisioAddin2013\SPESModelingTool2013.csproj", "{3C8BEA69-A387-40D7-A47D-19CC5D1ADCE3}"
	ProjectSection(ProjectDependencies) = postProject
		{C0B9BC4D-BEC3-4A73-B0A8-2C3757378008} = {C0B9BC4D-BEC3-4A73-B0A8-2C3757378008}
	EndProjectSection
EndProject
Project("{FAE04EC0-301F-11D3-BF4B-00C04F79EFBC}") = "SPES-Funktionsnetz", "SPES-Funktionsnetz\SPES-Funktionsnetz.csproj", "{0D5C987D-6A0C-436D-BA67-842531D147D5}"
EndProject
Project("{FAE04EC0-301F-11D3-BF4B-00C04F79EFBC}") = "SPESModelingTool2010", "VisioAddin2010\SPESModelingTool2010.csproj", "{0E43CD0E-0EE1-4C47-B5B9-9612D3A4C4D3}"
EndProject
Project("{FAE04EC0-301F-11D3-BF4B-00C04F79EFBC}") = "SPES-Zielmodell", "SPES-Zielmodell\SPES-Zielmodell.csproj", "{11D350E1-4892-4EA7-B93C-9CEE06E48D2A}"
EndProject
Project("{2150E333-8FDC-42A3-9474-1A3956D46DE8}") = "Tests", "Tests", "{3CF3DB4D-68B6-41FE-9235-D6E474A0F3B4}"
EndProject
Project("{FAE04EC0-301F-11D3-BF4B-00C04F79EFBC}") = "ITU-ScenarioTests", "ITU-ScenarioTests\ITU-ScenarioTests.csproj", "{3537C1D0-E062-4C15-B32C-9293F85FC65C}"
EndProject
Project("{FAE04EC0-301F-11D3-BF4B-00C04F79EFBC}") = "SPES-FunktionsnetzTests", "SPES-FunktionsnetzTests\SPES-FunktionsnetzTests.csproj", "{EBA972E9-F86B-458C-A3F6-615521DD8B5A}"
EndProject
Project("{FAE04EC0-301F-11D3-BF4B-00C04F79EFBC}") = "SPES-ZielmodellTests", "SPES-ZielmodellTests\SPES-ZielmodellTests.csproj", "{565D91DE-7104-4287-B103-0D4A00B0AFCD}"
EndProject
Project("{FAE04EC0-301F-11D3-BF4B-00C04F79EFBC}") = "SPES-App", "SPES-App\SPES-App.csproj", "{BDF156CE-910E-453F-A86F-A660D92F99FA}"
EndProject
Project("{2150E333-8FDC-42A3-9474-1A3956D46DE8}") = "Modelle", "Modelle", "{EE795DFE-531E-4AFC-8469-F9B391EFB6B0}"
EndProject
Project("{FAE04EC0-301F-11D3-BF4B-00C04F79EFBC}") = "SPES-Wissenskontext", "SPES-Wissenskontext\SPES-Wissenskontext.csproj", "{95C98443-7F46-46FF-A118-CBB927B77132}"
EndProject
Project("{FAE04EC0-301F-11D3-BF4B-00C04F79EFBC}") = "SPES-StrukturellerKontext", "SPES-StrukturellerKontext\SPES-StrukturellerKontext.csproj", "{1DDB6783-C1C9-4F32-AF2C-88167FFE6DC9}"
EndProject
Project("{FAE04EC0-301F-11D3-BF4B-00C04F79EFBC}") = "SPES-FunktionellerKontext", "SPES-FunktionellerKontext\SPES-FunktionellerKontext.csproj", "{B8849F47-92A7-4BC1-851B-A7CCAD0304EA}"
EndProject
Project("{FAE04EC0-301F-11D3-BF4B-00C04F79EFBC}") = "SPES-SzenarioUseCases", "SPES-SzenarioUseCases\SPES-SzenarioUseCases.csproj", "{2A71EB76-55D3-427A-88EC-344359EF173B}"
EndProject
Project("{FAE04EC0-301F-11D3-BF4B-00C04F79EFBC}") = "SPES-StrukturellePerspektive", "SPES-StrukturellePerspektive\SPES-StrukturellePerspektive.csproj", "{C1824C16-CB78-403B-A219-F39DE90D5063}"
EndProject
Project("{FAE04EC0-301F-11D3-BF4B-00C04F79EFBC}") = "SPES-FunktionellePerspektive", "SPES-FunktionellePerspektive\SPES-FunktionellePerspektive.csproj", "{0B218267-295E-47F5-9861-79FEDA51CCC4}"
EndProject
Project("{FAE04EC0-301F-11D3-BF4B-00C04F79EFBC}") = "SPES-Verhaltensperspektive", "SPES-Verhaltensperspektive\SPES-Verhaltensperspektive.csproj", "{34FB08B9-3A0E-45CE-8459-16EE04D68145}"
EndProject
Project("{FAE04EC0-301F-11D3-BF4B-00C04F79EFBC}") = "SPES-LogicalViewpoint", "SPES-LogicalViewpoint\SPES-LogicalViewpoint.csproj", "{76AF04D7-247F-4EFD-898C-7D5BC0480605}"
EndProject
Project("{FAE04EC0-301F-11D3-BF4B-00C04F79EFBC}") = "SPES-TechnicalViewpoint", "SPES-TechnicalViewpoint\SPES-TechnicalViewpoint.csproj", "{72AAED58-8E56-4160-A837-5B49B16BE156}"
EndProject
Project("{FAE04EC0-301F-11D3-BF4B-00C04F79EFBC}") = "CREST_FunctionNetworks", "CREST_FunctionNetworks\CREST_FunctionNetworks.csproj", "{C0B9BC4D-BEC3-4A73-B0A8-2C3757378008}"
	ProjectSection(ProjectDependencies) = postProject
		{B43F3525-9A96-40D4-9E2B-BD9BF9104008} = {B43F3525-9A96-40D4-9E2B-BD9BF9104008}
	EndProjectSection
EndProject
Project("{FAE04EC0-301F-11D3-BF4B-00C04F79EFBC}") = "Crest_UncertaintyModel", "CREST_UncertaintyModel\Crest_UncertaintyModel.csproj", "{89219CE3-26F4-4445-BF6B-77B8D54CED3E}"
EndProject
Project("{2150E333-8FDC-42A3-9474-1A3956D46DE8}") = "Solution Items", "Solution Items", "{F2110650-7C31-4E63-8DC5-0146CD0DB169}"
	ProjectSection(SolutionItems) = preProject
		Graph1.dgml = Graph1.dgml
	EndProjectSection
EndProject
Global
	GlobalSection(SolutionConfigurationPlatforms) = preSolution
		Debug|Any CPU = Debug|Any CPU
		Release|Any CPU = Release|Any CPU
	EndGlobalSection
	GlobalSection(ProjectConfigurationPlatforms) = postSolution
		{B43F3525-9A96-40D4-9E2B-BD9BF9104008}.Debug|Any CPU.ActiveCfg = Debug|Any CPU
		{B43F3525-9A96-40D4-9E2B-BD9BF9104008}.Debug|Any CPU.Build.0 = Debug|Any CPU
		{B43F3525-9A96-40D4-9E2B-BD9BF9104008}.Release|Any CPU.ActiveCfg = Release|Any CPU
		{B43F3525-9A96-40D4-9E2B-BD9BF9104008}.Release|Any CPU.Build.0 = Release|Any CPU
		{77C6D225-B8D8-49C6-89D5-C20D2B1A07CD}.Debug|Any CPU.ActiveCfg = Debug|Any CPU
		{77C6D225-B8D8-49C6-89D5-C20D2B1A07CD}.Debug|Any CPU.Build.0 = Debug|Any CPU
		{77C6D225-B8D8-49C6-89D5-C20D2B1A07CD}.Release|Any CPU.ActiveCfg = Release|Any CPU
		{77C6D225-B8D8-49C6-89D5-C20D2B1A07CD}.Release|Any CPU.Build.0 = Release|Any CPU
		{3C8BEA69-A387-40D7-A47D-19CC5D1ADCE3}.Debug|Any CPU.ActiveCfg = Debug|Any CPU
		{3C8BEA69-A387-40D7-A47D-19CC5D1ADCE3}.Debug|Any CPU.Build.0 = Debug|Any CPU
		{3C8BEA69-A387-40D7-A47D-19CC5D1ADCE3}.Release|Any CPU.ActiveCfg = Release|Any CPU
		{3C8BEA69-A387-40D7-A47D-19CC5D1ADCE3}.Release|Any CPU.Build.0 = Release|Any CPU
		{0D5C987D-6A0C-436D-BA67-842531D147D5}.Debug|Any CPU.ActiveCfg = Debug|Any CPU
		{0D5C987D-6A0C-436D-BA67-842531D147D5}.Debug|Any CPU.Build.0 = Debug|Any CPU
		{0D5C987D-6A0C-436D-BA67-842531D147D5}.Release|Any CPU.ActiveCfg = Release|Any CPU
		{0D5C987D-6A0C-436D-BA67-842531D147D5}.Release|Any CPU.Build.0 = Release|Any CPU
		{0E43CD0E-0EE1-4C47-B5B9-9612D3A4C4D3}.Debug|Any CPU.ActiveCfg = Debug|Any CPU
		{0E43CD0E-0EE1-4C47-B5B9-9612D3A4C4D3}.Debug|Any CPU.Build.0 = Debug|Any CPU
		{0E43CD0E-0EE1-4C47-B5B9-9612D3A4C4D3}.Release|Any CPU.ActiveCfg = Release|Any CPU
		{0E43CD0E-0EE1-4C47-B5B9-9612D3A4C4D3}.Release|Any CPU.Build.0 = Release|Any CPU
		{11D350E1-4892-4EA7-B93C-9CEE06E48D2A}.Debug|Any CPU.ActiveCfg = Debug|Any CPU
		{11D350E1-4892-4EA7-B93C-9CEE06E48D2A}.Debug|Any CPU.Build.0 = Debug|Any CPU
		{11D350E1-4892-4EA7-B93C-9CEE06E48D2A}.Release|Any CPU.ActiveCfg = Release|Any CPU
		{11D350E1-4892-4EA7-B93C-9CEE06E48D2A}.Release|Any CPU.Build.0 = Release|Any CPU
		{3537C1D0-E062-4C15-B32C-9293F85FC65C}.Debug|Any CPU.ActiveCfg = Debug|Any CPU
		{3537C1D0-E062-4C15-B32C-9293F85FC65C}.Debug|Any CPU.Build.0 = Debug|Any CPU
		{3537C1D0-E062-4C15-B32C-9293F85FC65C}.Release|Any CPU.ActiveCfg = Release|Any CPU
		{3537C1D0-E062-4C15-B32C-9293F85FC65C}.Release|Any CPU.Build.0 = Release|Any CPU
		{EBA972E9-F86B-458C-A3F6-615521DD8B5A}.Debug|Any CPU.ActiveCfg = Debug|Any CPU
		{EBA972E9-F86B-458C-A3F6-615521DD8B5A}.Debug|Any CPU.Build.0 = Debug|Any CPU
		{EBA972E9-F86B-458C-A3F6-615521DD8B5A}.Release|Any CPU.ActiveCfg = Release|Any CPU
		{EBA972E9-F86B-458C-A3F6-615521DD8B5A}.Release|Any CPU.Build.0 = Release|Any CPU
		{565D91DE-7104-4287-B103-0D4A00B0AFCD}.Debug|Any CPU.ActiveCfg = Debug|Any CPU
		{565D91DE-7104-4287-B103-0D4A00B0AFCD}.Debug|Any CPU.Build.0 = Debug|Any CPU
		{565D91DE-7104-4287-B103-0D4A00B0AFCD}.Release|Any CPU.ActiveCfg = Release|Any CPU
		{565D91DE-7104-4287-B103-0D4A00B0AFCD}.Release|Any CPU.Build.0 = Release|Any CPU
		{BDF156CE-910E-453F-A86F-A660D92F99FA}.Debug|Any CPU.ActiveCfg = Debug|Any CPU
		{BDF156CE-910E-453F-A86F-A660D92F99FA}.Debug|Any CPU.Build.0 = Debug|Any CPU
		{BDF156CE-910E-453F-A86F-A660D92F99FA}.Release|Any CPU.ActiveCfg = Release|Any CPU
		{BDF156CE-910E-453F-A86F-A660D92F99FA}.Release|Any CPU.Build.0 = Release|Any CPU
		{95C98443-7F46-46FF-A118-CBB927B77132}.Debug|Any CPU.ActiveCfg = Debug|Any CPU
		{95C98443-7F46-46FF-A118-CBB927B77132}.Debug|Any CPU.Build.0 = Debug|Any CPU
		{95C98443-7F46-46FF-A118-CBB927B77132}.Release|Any CPU.ActiveCfg = Release|Any CPU
		{95C98443-7F46-46FF-A118-CBB927B77132}.Release|Any CPU.Build.0 = Release|Any CPU
		{1DDB6783-C1C9-4F32-AF2C-88167FFE6DC9}.Debug|Any CPU.ActiveCfg = Debug|Any CPU
		{1DDB6783-C1C9-4F32-AF2C-88167FFE6DC9}.Debug|Any CPU.Build.0 = Debug|Any CPU
		{1DDB6783-C1C9-4F32-AF2C-88167FFE6DC9}.Release|Any CPU.ActiveCfg = Release|Any CPU
		{1DDB6783-C1C9-4F32-AF2C-88167FFE6DC9}.Release|Any CPU.Build.0 = Release|Any CPU
		{B8849F47-92A7-4BC1-851B-A7CCAD0304EA}.Debug|Any CPU.ActiveCfg = Debug|Any CPU
		{B8849F47-92A7-4BC1-851B-A7CCAD0304EA}.Debug|Any CPU.Build.0 = Debug|Any CPU
		{B8849F47-92A7-4BC1-851B-A7CCAD0304EA}.Release|Any CPU.ActiveCfg = Release|Any CPU
		{B8849F47-92A7-4BC1-851B-A7CCAD0304EA}.Release|Any CPU.Build.0 = Release|Any CPU
		{2A71EB76-55D3-427A-88EC-344359EF173B}.Debug|Any CPU.ActiveCfg = Debug|Any CPU
		{2A71EB76-55D3-427A-88EC-344359EF173B}.Debug|Any CPU.Build.0 = Debug|Any CPU
		{2A71EB76-55D3-427A-88EC-344359EF173B}.Release|Any CPU.ActiveCfg = Release|Any CPU
		{2A71EB76-55D3-427A-88EC-344359EF173B}.Release|Any CPU.Build.0 = Release|Any CPU
		{C1824C16-CB78-403B-A219-F39DE90D5063}.Debug|Any CPU.ActiveCfg = Debug|Any CPU
		{C1824C16-CB78-403B-A219-F39DE90D5063}.Debug|Any CPU.Build.0 = Debug|Any CPU
		{C1824C16-CB78-403B-A219-F39DE90D5063}.Release|Any CPU.ActiveCfg = Release|Any CPU
		{C1824C16-CB78-403B-A219-F39DE90D5063}.Release|Any CPU.Build.0 = Release|Any CPU
		{0B218267-295E-47F5-9861-79FEDA51CCC4}.Debug|Any CPU.ActiveCfg = Debug|Any CPU
		{0B218267-295E-47F5-9861-79FEDA51CCC4}.Debug|Any CPU.Build.0 = Debug|Any CPU
		{0B218267-295E-47F5-9861-79FEDA51CCC4}.Release|Any CPU.ActiveCfg = Release|Any CPU
		{0B218267-295E-47F5-9861-79FEDA51CCC4}.Release|Any CPU.Build.0 = Release|Any CPU
		{34FB08B9-3A0E-45CE-8459-16EE04D68145}.Debug|Any CPU.ActiveCfg = Debug|Any CPU
		{34FB08B9-3A0E-45CE-8459-16EE04D68145}.Debug|Any CPU.Build.0 = Debug|Any CPU
		{34FB08B9-3A0E-45CE-8459-16EE04D68145}.Release|Any CPU.ActiveCfg = Release|Any CPU
		{34FB08B9-3A0E-45CE-8459-16EE04D68145}.Release|Any CPU.Build.0 = Release|Any CPU
		{76AF04D7-247F-4EFD-898C-7D5BC0480605}.Debug|Any CPU.ActiveCfg = Debug|Any CPU
		{76AF04D7-247F-4EFD-898C-7D5BC0480605}.Debug|Any CPU.Build.0 = Debug|Any CPU
		{76AF04D7-247F-4EFD-898C-7D5BC0480605}.Release|Any CPU.ActiveCfg = Release|Any CPU
		{76AF04D7-247F-4EFD-898C-7D5BC0480605}.Release|Any CPU.Build.0 = Release|Any CPU
		{72AAED58-8E56-4160-A837-5B49B16BE156}.Debug|Any CPU.ActiveCfg = Debug|Any CPU
		{72AAED58-8E56-4160-A837-5B49B16BE156}.Debug|Any CPU.Build.0 = Debug|Any CPU
		{72AAED58-8E56-4160-A837-5B49B16BE156}.Release|Any CPU.ActiveCfg = Release|Any CPU
		{72AAED58-8E56-4160-A837-5B49B16BE156}.Release|Any CPU.Build.0 = Release|Any CPU
		{C0B9BC4D-BEC3-4A73-B0A8-2C3757378008}.Debug|Any CPU.ActiveCfg = Debug|Any CPU
		{C0B9BC4D-BEC3-4A73-B0A8-2C3757378008}.Debug|Any CPU.Build.0 = Debug|Any CPU
		{C0B9BC4D-BEC3-4A73-B0A8-2C3757378008}.Release|Any CPU.ActiveCfg = Release|Any CPU
		{C0B9BC4D-BEC3-4A73-B0A8-2C3757378008}.Release|Any CPU.Build.0 = Release|Any CPU
		{89219CE3-26F4-4445-BF6B-77B8D54CED3E}.Debug|Any CPU.ActiveCfg = Debug|Any CPU
		{89219CE3-26F4-4445-BF6B-77B8D54CED3E}.Debug|Any CPU.Build.0 = Debug|Any CPU
		{89219CE3-26F4-4445-BF6B-77B8D54CED3E}.Release|Any CPU.ActiveCfg = Release|Any CPU
		{89219CE3-26F4-4445-BF6B-77B8D54CED3E}.Release|Any CPU.Build.0 = Release|Any CPU
	EndGlobalSection
	GlobalSection(SolutionProperties) = preSolution
		HideSolutionNode = FALSE
	EndGlobalSection
	GlobalSection(NestedProjects) = preSolution
		{77C6D225-B8D8-49C6-89D5-C20D2B1A07CD} = {EE795DFE-531E-4AFC-8469-F9B391EFB6B0}
		{0D5C987D-6A0C-436D-BA67-842531D147D5} = {EE795DFE-531E-4AFC-8469-F9B391EFB6B0}
		{11D350E1-4892-4EA7-B93C-9CEE06E48D2A} = {EE795DFE-531E-4AFC-8469-F9B391EFB6B0}
		{3537C1D0-E062-4C15-B32C-9293F85FC65C} = {3CF3DB4D-68B6-41FE-9235-D6E474A0F3B4}
		{EBA972E9-F86B-458C-A3F6-615521DD8B5A} = {3CF3DB4D-68B6-41FE-9235-D6E474A0F3B4}
		{565D91DE-7104-4287-B103-0D4A00B0AFCD} = {3CF3DB4D-68B6-41FE-9235-D6E474A0F3B4}
		{95C98443-7F46-46FF-A118-CBB927B77132} = {EE795DFE-531E-4AFC-8469-F9B391EFB6B0}
		{1DDB6783-C1C9-4F32-AF2C-88167FFE6DC9} = {EE795DFE-531E-4AFC-8469-F9B391EFB6B0}
		{B8849F47-92A7-4BC1-851B-A7CCAD0304EA} = {EE795DFE-531E-4AFC-8469-F9B391EFB6B0}
		{2A71EB76-55D3-427A-88EC-344359EF173B} = {EE795DFE-531E-4AFC-8469-F9B391EFB6B0}
		{C1824C16-CB78-403B-A219-F39DE90D5063} = {EE795DFE-531E-4AFC-8469-F9B391EFB6B0}
		{0B218267-295E-47F5-9861-79FEDA51CCC4} = {EE795DFE-531E-4AFC-8469-F9B391EFB6B0}
		{34FB08B9-3A0E-45CE-8459-16EE04D68145} = {EE795DFE-531E-4AFC-8469-F9B391EFB6B0}
		{76AF04D7-247F-4EFD-898C-7D5BC0480605} = {EE795DFE-531E-4AFC-8469-F9B391EFB6B0}
		{72AAED58-8E56-4160-A837-5B49B16BE156} = {EE795DFE-531E-4AFC-8469-F9B391EFB6B0}
		{C0B9BC4D-BEC3-4A73-B0A8-2C3757378008} = {EE795DFE-531E-4AFC-8469-F9B391EFB6B0}
		{89219CE3-26F4-4445-BF6B-77B8D54CED3E} = {EE795DFE-531E-4AFC-8469-F9B391EFB6B0}
	EndGlobalSection
	GlobalSection(ExtensibilityGlobals) = postSolution
		SolutionGuid = {812D6C16-80EA-4BDA-95FF-2EDE5B208DF3}
	EndGlobalSection
EndGlobal
